
Microsoft Visual Studio Solution File, Format Version 12.00
# Visual Studio Version 16
VisualStudioVersion = 16.0.30204.135
MinimumVisualStudioVersion = 10.0.40219.1
Project("{9A19103F-16F7-4668-BE54-9A1E7A4F7556}") = "POC_Blazor_Bot_Framework", "POC_Blazor_Bot_Framework\POC_Blazor_Bot_Framework.csproj", "{9931B777-4B36-44A3-A844-165FC1E80152}"
EndProject
Global
	GlobalSection(SolutionConfigurationPlatforms) = preSolution
		Debug|Any CPU = Debug|Any CPU
		Release|Any CPU = Release|Any CPU
	EndGlobalSection
	GlobalSection(ProjectConfigurationPlatforms) = postSolution
		{9931B777-4B36-44A3-A844-165FC1E80152}.Debug|Any CPU.ActiveCfg = Debug|Any CPU
		{9931B777-4B36-44A3-A844-165FC1E80152}.Debug|Any CPU.Build.0 = Debug|Any CPU
		{9931B777-4B36-44A3-A844-165FC1E80152}.Release|Any CPU.ActiveCfg = Release|Any CPU
		{9931B777-4B36-44A3-A844-165FC1E80152}.Release|Any CPU.Build.0 = Release|Any CPU
	EndGlobalSection
	GlobalSection(SolutionProperties) = preSolution
		HideSolutionNode = FALSE
	EndGlobalSection
	GlobalSection(ExtensibilityGlobals) = postSolution
		SolutionGuid = {3CEED50E-09FF-4B74-8F4E-DB6BED474546}
	EndGlobalSection
EndGlobal
